
Microsoft Visual Studio Solution File, Format Version 12.00
# Visual Studio Version 17
VisualStudioVersion = 17.11.35017.193
MinimumVisualStudioVersion = 10.0.40219.1
Project("{FAE04EC0-301F-11D3-BF4B-00C04F79EFBC}") = "App", "App\App.csproj", "{1714FB81-79DF-42BF-BE62-2A2DA790172D}"
EndProject
Project("{FAE04EC0-301F-11D3-BF4B-00C04F79EFBC}") = "Tests", "Tests\Tests.csproj", "{5D33B67B-A0B3-49E7-BCA5-D8DE90F37E14}"
EndProject
Global
	GlobalSection(SolutionConfigurationPlatforms) = preSolution
		Debug|Any CPU = Debug|Any CPU
		Release|Any CPU = Release|Any CPU
	EndGlobalSection
	GlobalSection(ProjectConfigurationPlatforms) = postSolution
		{1714FB81-79DF-42BF-BE62-2A2DA790172D}.Debug|Any CPU.ActiveCfg = Debug|Any CPU
		{1714FB81-79DF-42BF-BE62-2A2DA790172D}.Debug|Any CPU.Build.0 = Debug|Any CPU
		{1714FB81-79DF-42BF-BE62-2A2DA790172D}.Release|Any CPU.ActiveCfg = Release|Any CPU
		{1714FB81-79DF-42BF-BE62-2A2DA790172D}.Release|Any CPU.Build.0 = Release|Any CPU
		{5D33B67B-A0B3-49E7-BCA5-D8DE90F37E14}.Debug|Any CPU.ActiveCfg = Debug|Any CPU
		{5D33B67B-A0B3-49E7-BCA5-D8DE90F37E14}.Debug|Any CPU.Build.0 = Debug|Any CPU
		{5D33B67B-A0B3-49E7-BCA5-D8DE90F37E14}.Release|Any CPU.ActiveCfg = Release|Any CPU
		{5D33B67B-A0B3-49E7-BCA5-D8DE90F37E14}.Release|Any CPU.Build.0 = Release|Any CPU
	EndGlobalSection
	GlobalSection(SolutionProperties) = preSolution
		HideSolutionNode = FALSE
	EndGlobalSection
	GlobalSection(ExtensibilityGlobals) = postSolution
		SolutionGuid = {A4E38F24-30E8-4528-8B5D-7135E8B26EEE}
	EndGlobalSection
EndGlobal
